
Microsoft Visual Studio Solution File, Format Version 12.00
# Visual Studio 15
VisualStudioVersion = 15.0.28307.779
MinimumVisualStudioVersion = 10.0.40219.1
Project("{FAE04EC0-301F-11D3-BF4B-00C04F79EFBC}") = "LibraryManagement", "LibraryManagement.csproj", "{B6BAC029-312B-4E6D-98B9-1ADAFA003C5B}"
EndProject
Project("{FAE04EC0-301F-11D3-BF4B-00C04F79EFBC}") = "UnitLibrarayTest", "..\UnitLibrarayTest\UnitLibrarayTest.csproj", "{C7155A43-8038-4F46-A194-203B46A9CA72}"
EndProject
Global
	GlobalSection(SolutionConfigurationPlatforms) = preSolution
		Debug|Any CPU = Debug|Any CPU
		Release|Any CPU = Release|Any CPU
	EndGlobalSection
	GlobalSection(ProjectConfigurationPlatforms) = postSolution
		{B6BAC029-312B-4E6D-98B9-1ADAFA003C5B}.Debug|Any CPU.ActiveCfg = Debug|Any CPU
		{B6BAC029-312B-4E6D-98B9-1ADAFA003C5B}.Debug|Any CPU.Build.0 = Debug|Any CPU
		{B6BAC029-312B-4E6D-98B9-1ADAFA003C5B}.Release|Any CPU.ActiveCfg = Release|Any CPU
		{B6BAC029-312B-4E6D-98B9-1ADAFA003C5B}.Release|Any CPU.Build.0 = Release|Any CPU
		{C7155A43-8038-4F46-A194-203B46A9CA72}.Debug|Any CPU.ActiveCfg = Debug|Any CPU
		{C7155A43-8038-4F46-A194-203B46A9CA72}.Debug|Any CPU.Build.0 = Debug|Any CPU
		{C7155A43-8038-4F46-A194-203B46A9CA72}.Release|Any CPU.ActiveCfg = Release|Any CPU
		{C7155A43-8038-4F46-A194-203B46A9CA72}.Release|Any CPU.Build.0 = Release|Any CPU
	EndGlobalSection
	GlobalSection(SolutionProperties) = preSolution
		HideSolutionNode = FALSE
	EndGlobalSection
	GlobalSection(ExtensibilityGlobals) = postSolution
		SolutionGuid = {3E2188F5-5095-4150-BBE9-3BE6FA9A2D4F}
	EndGlobalSection
EndGlobal
